
Microsoft Visual Studio Solution File, Format Version 12.00
# Visual Studio 2013
VisualStudioVersion = 12.0.21005.1
MinimumVisualStudioVersion = 10.0.40219.1
Project("{FAE04EC0-301F-11D3-BF4B-00C04F79EFBC}") = "EnterpriseMVVM.DesktopClient", "Desktop Client\EnterpriseMVVM.DesktopClient\EnterpriseMVVM.DesktopClient.csproj", "{D5E8B578-248E-436D-819F-777E9C2AB463}"
EndProject
Project("{FAE04EC0-301F-11D3-BF4B-00C04F79EFBC}") = "EnterpriseMVVM.Windows", "Desktop Client\EnterpriseMVVM.Windows\EnterpriseMVVM.Windows.csproj", "{E2FE75E8-6A2F-49D1-AE0C-121CC9F09A64}"
EndProject
Project("{2150E333-8FDC-42A3-9474-1A3956D46DE8}") = "Desktop Client", "Desktop Client", "{DFA36421-2D1E-49C6-B82C-E97EDDB69EF7}"
EndProject
Project("{2150E333-8FDC-42A3-9474-1A3956D46DE8}") = "Tests", "Tests", "{ABAD2162-D325-444B-90D2-8016E72E7FD8}"
EndProject
Project("{FAE04EC0-301F-11D3-BF4B-00C04F79EFBC}") = "EnterpriseMVVM.DesktopClient.Tests", "..\Tests\EnterpriseMVVM.DesktopClient.Tests\EnterpriseMVVM.DesktopClient.Tests.csproj", "{E95AA42F-B60E-4207-BFED-60497BCF7CF6}"
EndProject
Project("{FAE04EC0-301F-11D3-BF4B-00C04F79EFBC}") = "EnterpriseMVVM.Windows.Tests", "..\Tests\EnterpriseMVVM.Windows.Tests\EnterpriseMVVM.Windows.Tests.csproj", "{3AE1142D-0E62-44B8-A5A0-5C60EB6BD771}"
EndProject
Project("{FAE04EC0-301F-11D3-BF4B-00C04F79EFBC}") = "EnterpriseMVVM.Data.Tests", "..\Tests\EnterpriseMVVM.Data.Tests\EnterpriseMVVM.Data.Tests.csproj", "{88952739-DF98-4C43-8C47-EF26277E7EF8}"
EndProject
Project("{FAE04EC0-301F-11D3-BF4B-00C04F79EFBC}") = "EnterpriseMVVM.Data", "Desktop Client\EnterpriseMVVM.Data\EnterpriseMVVM.Data.csproj", "{A33F8672-699D-42F0-9986-B2802E007F09}"
EndProject
Global
	GlobalSection(SolutionConfigurationPlatforms) = preSolution
		Debug|Any CPU = Debug|Any CPU
		Release|Any CPU = Release|Any CPU
	EndGlobalSection
	GlobalSection(ProjectConfigurationPlatforms) = postSolution
		{D5E8B578-248E-436D-819F-777E9C2AB463}.Debug|Any CPU.ActiveCfg = Debug|Any CPU
		{D5E8B578-248E-436D-819F-777E9C2AB463}.Debug|Any CPU.Build.0 = Debug|Any CPU
		{D5E8B578-248E-436D-819F-777E9C2AB463}.Release|Any CPU.ActiveCfg = Release|Any CPU
		{D5E8B578-248E-436D-819F-777E9C2AB463}.Release|Any CPU.Build.0 = Release|Any CPU
		{E2FE75E8-6A2F-49D1-AE0C-121CC9F09A64}.Debug|Any CPU.ActiveCfg = Debug|Any CPU
		{E2FE75E8-6A2F-49D1-AE0C-121CC9F09A64}.Debug|Any CPU.Build.0 = Debug|Any CPU
		{E2FE75E8-6A2F-49D1-AE0C-121CC9F09A64}.Release|Any CPU.ActiveCfg = Release|Any CPU
		{E2FE75E8-6A2F-49D1-AE0C-121CC9F09A64}.Release|Any CPU.Build.0 = Release|Any CPU
		{E95AA42F-B60E-4207-BFED-60497BCF7CF6}.Debug|Any CPU.ActiveCfg = Debug|Any CPU
		{E95AA42F-B60E-4207-BFED-60497BCF7CF6}.Debug|Any CPU.Build.0 = Debug|Any CPU
		{E95AA42F-B60E-4207-BFED-60497BCF7CF6}.Release|Any CPU.ActiveCfg = Release|Any CPU
		{E95AA42F-B60E-4207-BFED-60497BCF7CF6}.Release|Any CPU.Build.0 = Release|Any CPU
		{3AE1142D-0E62-44B8-A5A0-5C60EB6BD771}.Debug|Any CPU.ActiveCfg = Debug|Any CPU
		{3AE1142D-0E62-44B8-A5A0-5C60EB6BD771}.Debug|Any CPU.Build.0 = Debug|Any CPU
		{3AE1142D-0E62-44B8-A5A0-5C60EB6BD771}.Release|Any CPU.ActiveCfg = Release|Any CPU
		{3AE1142D-0E62-44B8-A5A0-5C60EB6BD771}.Release|Any CPU.Build.0 = Release|Any CPU
		{88952739-DF98-4C43-8C47-EF26277E7EF8}.Debug|Any CPU.ActiveCfg = Debug|Any CPU
		{88952739-DF98-4C43-8C47-EF26277E7EF8}.Debug|Any CPU.Build.0 = Debug|Any CPU
		{88952739-DF98-4C43-8C47-EF26277E7EF8}.Release|Any CPU.ActiveCfg = Release|Any CPU
		{88952739-DF98-4C43-8C47-EF26277E7EF8}.Release|Any CPU.Build.0 = Release|Any CPU
		{A33F8672-699D-42F0-9986-B2802E007F09}.Debug|Any CPU.ActiveCfg = Debug|Any CPU
		{A33F8672-699D-42F0-9986-B2802E007F09}.Debug|Any CPU.Build.0 = Debug|Any CPU
		{A33F8672-699D-42F0-9986-B2802E007F09}.Release|Any CPU.ActiveCfg = Release|Any CPU
		{A33F8672-699D-42F0-9986-B2802E007F09}.Release|Any CPU.Build.0 = Release|Any CPU
	EndGlobalSection
	GlobalSection(SolutionProperties) = preSolution
		HideSolutionNode = FALSE
	EndGlobalSection
	GlobalSection(NestedProjects) = preSolution
		{D5E8B578-248E-436D-819F-777E9C2AB463} = {DFA36421-2D1E-49C6-B82C-E97EDDB69EF7}
		{E2FE75E8-6A2F-49D1-AE0C-121CC9F09A64} = {DFA36421-2D1E-49C6-B82C-E97EDDB69EF7}
		{A33F8672-699D-42F0-9986-B2802E007F09} = {DFA36421-2D1E-49C6-B82C-E97EDDB69EF7}
		{E95AA42F-B60E-4207-BFED-60497BCF7CF6} = {ABAD2162-D325-444B-90D2-8016E72E7FD8}
		{3AE1142D-0E62-44B8-A5A0-5C60EB6BD771} = {ABAD2162-D325-444B-90D2-8016E72E7FD8}
		{88952739-DF98-4C43-8C47-EF26277E7EF8} = {ABAD2162-D325-444B-90D2-8016E72E7FD8}
	EndGlobalSection
EndGlobal
